// !$*UTF8*$!
{
	archiveVersion = 1;
	classes = {
	};
	objectVersion = 46;
	objects = {

/* Begin PBXBuildFile section */
		470263031E58BD39006E97EF /* FlightsViewController.swift in Sources */ = {isa = PBXBuildFile; fileRef = 470263021E58BD39006E97EF /* FlightsViewController.swift */; };
		470263051E58C00C006E97EF /* Flight.swift in Sources */ = {isa = PBXBuildFile; fileRef = 470263041E58C00C006E97EF /* Flight.swift */; };
		470263071E58C16A006E97EF /* FlightsViewModel.swift in Sources */ = {isa = PBXBuildFile; fileRef = 470263061E58C16A006E97EF /* FlightsViewModel.swift */; };
		4702630A1E591331006E97EF /* HotelViewControllerPresenter.swift in Sources */ = {isa = PBXBuildFile; fileRef = 470263091E591331006E97EF /* HotelViewControllerPresenter.swift */; };
		476F42D21E55053400A00FFB /* Hotel.swift in Sources */ = {isa = PBXBuildFile; fileRef = 476F42C91E55053400A00FFB /* Hotel.swift */; };
		476F42D51E55053400A00FFB /* HotelViewController.swift in Sources */ = {isa = PBXBuildFile; fileRef = 476F42CE1E55053400A00FFB /* HotelViewController.swift */; };
		476F42D71E55053400A00FFB /* HotelViewModel.swift in Sources */ = {isa = PBXBuildFile; fileRef = 476F42D11E55053400A00FFB /* HotelViewModel.swift */; };
		477A83451E5E4385007A7A98 /* hotel.json in Resources */ = {isa = PBXBuildFile; fileRef = 477A83441E5E4385007A7A98 /* hotel.json */; };
		478925E21E5E249A00CFD961 /* HotelSpec.swift in Sources */ = {isa = PBXBuildFile; fileRef = 478925E11E5E249A00CFD961 /* HotelSpec.swift */; };
		479D7EE81E59232500E68F8D /* FlightsViewControllerDataSource.swift in Sources */ = {isa = PBXBuildFile; fileRef = 479D7EE71E59232500E68F8D /* FlightsViewControllerDataSource.swift */; };
		479D7EEB1E59267100E68F8D /* FlightCell.xib in Resources */ = {isa = PBXBuildFile; fileRef = 479D7EEA1E59267100E68F8D /* FlightCell.xib */; };
		479D7EED1E5926A000E68F8D /* FlightCell.swift in Sources */ = {isa = PBXBuildFile; fileRef = 479D7EEC1E5926A000E68F8D /* FlightCell.swift */; };
		479D7EF01E59DCD000E68F8D /* CurrencyFormatter.swift in Sources */ = {isa = PBXBuildFile; fileRef = 479D7EEF1E59DCD000E68F8D /* CurrencyFormatter.swift */; };
		47B6FD341E4BA9D800A6EE6A /* AppDelegate.swift in Sources */ = {isa = PBXBuildFile; fileRef = 47B6FD331E4BA9D800A6EE6A /* AppDelegate.swift */; };
		47B6FD391E4BA9D800A6EE6A /* Main.storyboard in Resources */ = {isa = PBXBuildFile; fileRef = 47B6FD371E4BA9D800A6EE6A /* Main.storyboard */; };
		47B6FD3B1E4BA9D800A6EE6A /* Assets.xcassets in Resources */ = {isa = PBXBuildFile; fileRef = 47B6FD3A1E4BA9D800A6EE6A /* Assets.xcassets */; };
		47B6FD3E1E4BA9D800A6EE6A /* LaunchScreen.storyboard in Resources */ = {isa = PBXBuildFile; fileRef = 47B6FD3C1E4BA9D800A6EE6A /* LaunchScreen.storyboard */; };
		47C8B2271E5B769C00FD7537 /* Date+Format.swift in Sources */ = {isa = PBXBuildFile; fileRef = 47C8B2261E5B769C00FD7537 /* Date+Format.swift */; };
		47D7CE221E57558F0069871C /* WebService.swift in Sources */ = {isa = PBXBuildFile; fileRef = 47D7CE211E57558F0069871C /* WebService.swift */; };
		47D7CE241E575AEF0069871C /* Resource.swift in Sources */ = {isa = PBXBuildFile; fileRef = 47D7CE231E575AEE0069871C /* Resource.swift */; };
		47E18EB61E5F8903002B0163 /* JSONLoader.swift in Sources */ = {isa = PBXBuildFile; fileRef = 47E18EB51E5F8903002B0163 /* JSONLoader.swift */; };
		47E18EB81E5F9883002B0163 /* FlightSpec.swift in Sources */ = {isa = PBXBuildFile; fileRef = 47E18EB71E5F9883002B0163 /* FlightSpec.swift */; };
		47E18EBA1E5F998B002B0163 /* flight.json in Resources */ = {isa = PBXBuildFile; fileRef = 47E18EB91E5F998B002B0163 /* flight.json */; };
		47E18EC01E619456002B0163 /* WebServiceSpec.swift in Sources */ = {isa = PBXBuildFile; fileRef = 47E18EBF1E619456002B0163 /* WebServiceSpec.swift */; };
		47E18EC31E660BC7002B0163 /* MockSession.swift in Sources */ = {isa = PBXBuildFile; fileRef = 47E18EC21E660BC7002B0163 /* MockSession.swift */; };
		47E18EC51E660C47002B0163 /* MockDataTask.swift in Sources */ = {isa = PBXBuildFile; fileRef = 47E18EC41E660C47002B0163 /* MockDataTask.swift */; };
		D43C99FDB2E16A0E77577F57 /* Pods_OTBTestTests.framework in Frameworks */ = {isa = PBXBuildFile; fileRef = 12502866791A8A9B3173A902 /* Pods_OTBTestTests.framework */; };
/* End PBXBuildFile section */

/* Begin PBXContainerItemProxy section */
		47B6FD451E4BA9D800A6EE6A /* PBXContainerItemProxy */ = {
			isa = PBXContainerItemProxy;
			containerPortal = 47B6FD281E4BA9D700A6EE6A /* Project object */;
			proxyType = 1;
			remoteGlobalIDString = 47B6FD2F1E4BA9D700A6EE6A;
			remoteInfo = OTBTest;
		};
/* End PBXContainerItemProxy section */

/* Begin PBXFileReference section */
		12502866791A8A9B3173A902 /* Pods_OTBTestTests.framework */ = {isa = PBXFileReference; explicitFileType = wrapper.framework; includeInIndex = 0; path = Pods_OTBTestTests.framework; sourceTree = BUILT_PRODUCTS_DIR; };
		37314DB455F989B9156EC77E /* Pods-OTBTestTests.debug.xcconfig */ = {isa = PBXFileReference; includeInIndex = 1; lastKnownFileType = text.xcconfig; name = "Pods-OTBTestTests.debug.xcconfig"; path = "Pods/Target Support Files/Pods-OTBTestTests/Pods-OTBTestTests.debug.xcconfig"; sourceTree = "<group>"; };
		470263021E58BD39006E97EF /* FlightsViewController.swift */ = {isa = PBXFileReference; fileEncoding = 4; lastKnownFileType = sourcecode.swift; path = FlightsViewController.swift; sourceTree = "<group>"; };
		470263041E58C00C006E97EF /* Flight.swift */ = {isa = PBXFileReference; fileEncoding = 4; lastKnownFileType = sourcecode.swift; path = Flight.swift; sourceTree = "<group>"; };
		470263061E58C16A006E97EF /* FlightsViewModel.swift */ = {isa = PBXFileReference; fileEncoding = 4; lastKnownFileType = sourcecode.swift; path = FlightsViewModel.swift; sourceTree = "<group>"; };
		470263091E591331006E97EF /* HotelViewControllerPresenter.swift */ = {isa = PBXFileReference; fileEncoding = 4; lastKnownFileType = sourcecode.swift; path = HotelViewControllerPresenter.swift; sourceTree = "<group>"; };
		476F42C91E55053400A00FFB /* Hotel.swift */ = {isa = PBXFileReference; fileEncoding = 4; lastKnownFileType = sourcecode.swift; path = Hotel.swift; sourceTree = "<group>"; };
		476F42CE1E55053400A00FFB /* HotelViewController.swift */ = {isa = PBXFileReference; fileEncoding = 4; lastKnownFileType = sourcecode.swift; path = HotelViewController.swift; sourceTree = "<group>"; };
		476F42D11E55053400A00FFB /* HotelViewModel.swift */ = {isa = PBXFileReference; fileEncoding = 4; lastKnownFileType = sourcecode.swift; path = HotelViewModel.swift; sourceTree = "<group>"; };
		477A83441E5E4385007A7A98 /* hotel.json */ = {isa = PBXFileReference; fileEncoding = 4; lastKnownFileType = text.json; path = hotel.json; sourceTree = "<group>"; };
		478925E11E5E249A00CFD961 /* HotelSpec.swift */ = {isa = PBXFileReference; fileEncoding = 4; lastKnownFileType = sourcecode.swift; path = HotelSpec.swift; sourceTree = "<group>"; };
		479D7EE71E59232500E68F8D /* FlightsViewControllerDataSource.swift */ = {isa = PBXFileReference; fileEncoding = 4; lastKnownFileType = sourcecode.swift; path = FlightsViewControllerDataSource.swift; sourceTree = "<group>"; };
		479D7EEA1E59267100E68F8D /* FlightCell.xib */ = {isa = PBXFileReference; fileEncoding = 4; lastKnownFileType = file.xib; path = FlightCell.xib; sourceTree = "<group>"; };
		479D7EEC1E5926A000E68F8D /* FlightCell.swift */ = {isa = PBXFileReference; fileEncoding = 4; lastKnownFileType = sourcecode.swift; path = FlightCell.swift; sourceTree = "<group>"; };
		479D7EEF1E59DCD000E68F8D /* CurrencyFormatter.swift */ = {isa = PBXFileReference; fileEncoding = 4; lastKnownFileType = sourcecode.swift; path = CurrencyFormatter.swift; sourceTree = "<group>"; };
		47B6FD301E4BA9D800A6EE6A /* OTBTest.app */ = {isa = PBXFileReference; explicitFileType = wrapper.application; includeInIndex = 0; path = OTBTest.app; sourceTree = BUILT_PRODUCTS_DIR; };
		47B6FD331E4BA9D800A6EE6A /* AppDelegate.swift */ = {isa = PBXFileReference; lastKnownFileType = sourcecode.swift; path = AppDelegate.swift; sourceTree = "<group>"; };
		47B6FD381E4BA9D800A6EE6A /* Base */ = {isa = PBXFileReference; lastKnownFileType = file.storyboard; name = Base; path = Base.lproj/Main.storyboard; sourceTree = "<group>"; };
		47B6FD3A1E4BA9D800A6EE6A /* Assets.xcassets */ = {isa = PBXFileReference; lastKnownFileType = folder.assetcatalog; path = Assets.xcassets; sourceTree = "<group>"; };
		47B6FD3D1E4BA9D800A6EE6A /* Base */ = {isa = PBXFileReference; lastKnownFileType = file.storyboard; name = Base; path = Base.lproj/LaunchScreen.storyboard; sourceTree = "<group>"; };
		47B6FD3F1E4BA9D800A6EE6A /* Info.plist */ = {isa = PBXFileReference; lastKnownFileType = text.plist.xml; path = Info.plist; sourceTree = "<group>"; };
		47B6FD441E4BA9D800A6EE6A /* OTBTestTests.xctest */ = {isa = PBXFileReference; explicitFileType = wrapper.cfbundle; includeInIndex = 0; path = OTBTestTests.xctest; sourceTree = BUILT_PRODUCTS_DIR; };
		47B6FD4A1E4BA9D800A6EE6A /* Info.plist */ = {isa = PBXFileReference; lastKnownFileType = text.plist.xml; path = Info.plist; sourceTree = "<group>"; };
		47C8B2261E5B769C00FD7537 /* Date+Format.swift */ = {isa = PBXFileReference; fileEncoding = 4; lastKnownFileType = sourcecode.swift; path = "Date+Format.swift"; sourceTree = "<group>"; };
		47D7CE211E57558F0069871C /* WebService.swift */ = {isa = PBXFileReference; fileEncoding = 4; lastKnownFileType = sourcecode.swift; path = WebService.swift; sourceTree = "<group>"; };
		47D7CE231E575AEE0069871C /* Resource.swift */ = {isa = PBXFileReference; fileEncoding = 4; lastKnownFileType = sourcecode.swift; path = Resource.swift; sourceTree = "<group>"; };
		47E18EB51E5F8903002B0163 /* JSONLoader.swift */ = {isa = PBXFileReference; fileEncoding = 4; lastKnownFileType = sourcecode.swift; path = JSONLoader.swift; sourceTree = "<group>"; };
		47E18EB71E5F9883002B0163 /* FlightSpec.swift */ = {isa = PBXFileReference; fileEncoding = 4; lastKnownFileType = sourcecode.swift; path = FlightSpec.swift; sourceTree = "<group>"; };
		47E18EB91E5F998B002B0163 /* flight.json */ = {isa = PBXFileReference; fileEncoding = 4; lastKnownFileType = text.json; path = flight.json; sourceTree = "<group>"; };
		47E18EBF1E619456002B0163 /* WebServiceSpec.swift */ = {isa = PBXFileReference; fileEncoding = 4; lastKnownFileType = sourcecode.swift; path = WebServiceSpec.swift; sourceTree = "<group>"; };
		47E18EC21E660BC7002B0163 /* MockSession.swift */ = {isa = PBXFileReference; fileEncoding = 4; lastKnownFileType = sourcecode.swift; path = MockSession.swift; sourceTree = "<group>"; };
		47E18EC41E660C47002B0163 /* MockDataTask.swift */ = {isa = PBXFileReference; fileEncoding = 4; lastKnownFileType = sourcecode.swift; path = MockDataTask.swift; sourceTree = "<group>"; };
		C364526897510AB53753B663 /* Pods-OTBTestTests.release.xcconfig */ = {isa = PBXFileReference; includeInIndex = 1; lastKnownFileType = text.xcconfig; name = "Pods-OTBTestTests.release.xcconfig"; path = "Pods/Target Support Files/Pods-OTBTestTests/Pods-OTBTestTests.release.xcconfig"; sourceTree = "<group>"; };
/* End PBXFileReference section */

/* Begin PBXFrameworksBuildPhase section */
		47B6FD2D1E4BA9D700A6EE6A /* Frameworks */ = {
			isa = PBXFrameworksBuildPhase;
			buildActionMask = 2147483647;
			files = (
			);
			runOnlyForDeploymentPostprocessing = 0;
		};
		47B6FD411E4BA9D800A6EE6A /* Frameworks */ = {
			isa = PBXFrameworksBuildPhase;
			buildActionMask = 2147483647;
			files = (
				D43C99FDB2E16A0E77577F57 /* Pods_OTBTestTests.framework in Frameworks */,
			);
			runOnlyForDeploymentPostprocessing = 0;
		};
/* End PBXFrameworksBuildPhase section */

/* Begin PBXGroup section */
		470263081E59131E006E97EF /* Presenters */ = {
			isa = PBXGroup;
			children = (
				470263091E591331006E97EF /* HotelViewControllerPresenter.swift */,
			);
			path = Presenters;
			sourceTree = "<group>";
		};
		476F42C81E55053400A00FFB /* Models */ = {
			isa = PBXGroup;
			children = (
				476F42C91E55053400A00FFB /* Hotel.swift */,
				470263041E58C00C006E97EF /* Flight.swift */,
			);
			path = Models;
			sourceTree = "<group>";
		};
		476F42CA1E55053400A00FFB /* Networking */ = {
			isa = PBXGroup;
			children = (
				47D7CE211E57558F0069871C /* WebService.swift */,
				47D7CE231E575AEE0069871C /* Resource.swift */,
			);
			path = Networking;
			sourceTree = "<group>";
		};
		476F42CD1E55053400A00FFB /* ViewControllers */ = {
			isa = PBXGroup;
			children = (
				476F42CE1E55053400A00FFB /* HotelViewController.swift */,
				470263021E58BD39006E97EF /* FlightsViewController.swift */,
			);
			path = ViewControllers;
			sourceTree = "<group>";
		};
		476F42D01E55053400A00FFB /* ViewModels */ = {
			isa = PBXGroup;
			children = (
				476F42D11E55053400A00FFB /* HotelViewModel.swift */,
				470263061E58C16A006E97EF /* FlightsViewModel.swift */,
			);
			path = ViewModels;
			sourceTree = "<group>";
		};
		478925DD1E5E243300CFD961 /* JSON */ = {
			isa = PBXGroup;
			children = (
				47E18EB91E5F998B002B0163 /* flight.json */,
				477A83441E5E4385007A7A98 /* hotel.json */,
				47E18EB51E5F8903002B0163 /* JSONLoader.swift */,
			);
			path = JSON;
			sourceTree = "<group>";
		};
		478925E01E5E249A00CFD961 /* Specs */ = {
			isa = PBXGroup;
			children = (
				478925E11E5E249A00CFD961 /* HotelSpec.swift */,
				47E18EBF1E619456002B0163 /* WebServiceSpec.swift */,
				47E18EB71E5F9883002B0163 /* FlightSpec.swift */,
			);
			path = Specs;
			sourceTree = "<group>";
		};
		479D7EE61E59231700E68F8D /* DataSources */ = {
			isa = PBXGroup;
			children = (
				479D7EE71E59232500E68F8D /* FlightsViewControllerDataSource.swift */,
			);
			path = DataSources;
			sourceTree = "<group>";
		};
		479D7EE91E59265D00E68F8D /* Cells */ = {
			isa = PBXGroup;
			children = (
				479D7EEC1E5926A000E68F8D /* FlightCell.swift */,
			);
			path = Cells;
			sourceTree = "<group>";
		};
		479D7EEE1E59DCC700E68F8D /* Formatters */ = {
			isa = PBXGroup;
			children = (
				479D7EEF1E59DCD000E68F8D /* CurrencyFormatter.swift */,
			);
			path = Formatters;
			sourceTree = "<group>";
		};
		47B6FD271E4BA9D700A6EE6A = {
			isa = PBXGroup;
			children = (
				47B6FD321E4BA9D800A6EE6A /* OTBTest */,
				47B6FD471E4BA9D800A6EE6A /* OTBTestTests */,
				47B6FD311E4BA9D800A6EE6A /* Products */,
				85511DA241212CC77DF5086A /* Pods */,
				8CECE2D402D54F1E9F9EFF6A /* Frameworks */,
			);
			sourceTree = "<group>";
		};
		47B6FD311E4BA9D800A6EE6A /* Products */ = {
			isa = PBXGroup;
			children = (
				47B6FD301E4BA9D800A6EE6A /* OTBTest.app */,
				47B6FD441E4BA9D800A6EE6A /* OTBTestTests.xctest */,
			);
			name = Products;
			sourceTree = "<group>";
		};
		47B6FD321E4BA9D800A6EE6A /* OTBTest */ = {
			isa = PBXGroup;
			children = (
				47B6FD331E4BA9D800A6EE6A /* AppDelegate.swift */,
				47C8B2251E5B768000FD7537 /* Extensions */,
				479D7EEE1E59DCC700E68F8D /* Formatters */,
				479D7EE91E59265D00E68F8D /* Cells */,
				479D7EE61E59231700E68F8D /* DataSources */,
				470263081E59131E006E97EF /* Presenters */,
				476F42C81E55053400A00FFB /* Models */,
				476F42CA1E55053400A00FFB /* Networking */,
				476F42CD1E55053400A00FFB /* ViewControllers */,
				476F42D01E55053400A00FFB /* ViewModels */,
				47B6FD371E4BA9D800A6EE6A /* Main.storyboard */,
				47B6FD3C1E4BA9D800A6EE6A /* LaunchScreen.storyboard */,
				479D7EEA1E59267100E68F8D /* FlightCell.xib */,
				47B6FD3A1E4BA9D800A6EE6A /* Assets.xcassets */,
				47B6FD3F1E4BA9D800A6EE6A /* Info.plist */,
			);
			path = OTBTest;
			sourceTree = "<group>";
		};
		47B6FD471E4BA9D800A6EE6A /* OTBTestTests */ = {
			isa = PBXGroup;
			children = (
				47E18EC11E660865002B0163 /* Mocks */,
				478925E01E5E249A00CFD961 /* Specs */,
				478925DD1E5E243300CFD961 /* JSON */,
				47B6FD4A1E4BA9D800A6EE6A /* Info.plist */,
			);
			path = OTBTestTests;
			sourceTree = "<group>";
		};
		47C8B2251E5B768000FD7537 /* Extensions */ = {
			isa = PBXGroup;
			children = (
				47C8B2261E5B769C00FD7537 /* Date+Format.swift */,
			);
			path = Extensions;
			sourceTree = "<group>";
		};
		47E18EC11E660865002B0163 /* Mocks */ = {
			isa = PBXGroup;
			children = (
				47E18EC21E660BC7002B0163 /* MockSession.swift */,
				47E18EC41E660C47002B0163 /* MockDataTask.swift */,
			);
			path = Mocks;
			sourceTree = "<group>";
		};
		85511DA241212CC77DF5086A /* Pods */ = {
			isa = PBXGroup;
			children = (
				37314DB455F989B9156EC77E /* Pods-OTBTestTests.debug.xcconfig */,
				C364526897510AB53753B663 /* Pods-OTBTestTests.release.xcconfig */,
			);
			name = Pods;
			sourceTree = "<group>";
		};
		8CECE2D402D54F1E9F9EFF6A /* Frameworks */ = {
			isa = PBXGroup;
			children = (
				12502866791A8A9B3173A902 /* Pods_OTBTestTests.framework */,
			);
			name = Frameworks;
			sourceTree = "<group>";
		};
/* End PBXGroup section */

/* Begin PBXNativeTarget section */
		47B6FD2F1E4BA9D700A6EE6A /* OTBTest */ = {
			isa = PBXNativeTarget;
			buildConfigurationList = 47B6FD4D1E4BA9D800A6EE6A /* Build configuration list for PBXNativeTarget "OTBTest" */;
			buildPhases = (
				47B6FD2C1E4BA9D700A6EE6A /* Sources */,
				47B6FD2D1E4BA9D700A6EE6A /* Frameworks */,
				47B6FD2E1E4BA9D700A6EE6A /* Resources */,
				47C5B3F21E4D21F200978F1D /* Swiftlint */,
			);
			buildRules = (
			);
			dependencies = (
			);
			name = OTBTest;
			productName = OTBTest;
			productReference = 47B6FD301E4BA9D800A6EE6A /* OTBTest.app */;
			productType = "com.apple.product-type.application";
		};
		47B6FD431E4BA9D800A6EE6A /* OTBTestTests */ = {
			isa = PBXNativeTarget;
			buildConfigurationList = 47B6FD501E4BA9D800A6EE6A /* Build configuration list for PBXNativeTarget "OTBTestTests" */;
			buildPhases = (
				BB07D48CD861FB36D22E0D8F /* [CP] Check Pods Manifest.lock */,
				47B6FD401E4BA9D800A6EE6A /* Sources */,
				47B6FD411E4BA9D800A6EE6A /* Frameworks */,
				47B6FD421E4BA9D800A6EE6A /* Resources */,
				CA5F7CA5F6512E8D972531A3 /* [CP] Embed Pods Frameworks */,
				12DE4B35270BA79B8F58D7C4 /* [CP] Copy Pods Resources */,
			);
			buildRules = (
			);
			dependencies = (
				47B6FD461E4BA9D800A6EE6A /* PBXTargetDependency */,
			);
			name = OTBTestTests;
			productName = OTBTestTests;
			productReference = 47B6FD441E4BA9D800A6EE6A /* OTBTestTests.xctest */;
			productType = "com.apple.product-type.bundle.unit-test";
		};
/* End PBXNativeTarget section */

/* Begin PBXProject section */
		47B6FD281E4BA9D700A6EE6A /* Project object */ = {
			isa = PBXProject;
			attributes = {
				LastSwiftUpdateCheck = 0820;
				LastUpgradeCheck = 0820;
				ORGANIZATIONNAME = "Tom Clark";
				TargetAttributes = {
					47B6FD2F1E4BA9D700A6EE6A = {
						CreatedOnToolsVersion = 8.2.1;
						DevelopmentTeam = NZ74P8DCC3;
						ProvisioningStyle = Manual;
					};
					47B6FD431E4BA9D800A6EE6A = {
						CreatedOnToolsVersion = 8.2.1;
						DevelopmentTeam = DDB84JUP2L;
						ProvisioningStyle = Automatic;
						TestTargetID = 47B6FD2F1E4BA9D700A6EE6A;
					};
				};
			};
			buildConfigurationList = 47B6FD2B1E4BA9D700A6EE6A /* Build configuration list for PBXProject "OTBTest" */;
			compatibilityVersion = "Xcode 3.2";
			developmentRegion = English;
			hasScannedForEncodings = 0;
			knownRegions = (
				en,
				Base,
			);
			mainGroup = 47B6FD271E4BA9D700A6EE6A;
			productRefGroup = 47B6FD311E4BA9D800A6EE6A /* Products */;
			projectDirPath = "";
			projectRoot = "";
			targets = (
				47B6FD2F1E4BA9D700A6EE6A /* OTBTest */,
				47B6FD431E4BA9D800A6EE6A /* OTBTestTests */,
			);
		};
/* End PBXProject section */

/* Begin PBXResourcesBuildPhase section */
		47B6FD2E1E4BA9D700A6EE6A /* Resources */ = {
			isa = PBXResourcesBuildPhase;
			buildActionMask = 2147483647;
			files = (
				47B6FD3E1E4BA9D800A6EE6A /* LaunchScreen.storyboard in Resources */,
				479D7EEB1E59267100E68F8D /* FlightCell.xib in Resources */,
				47B6FD3B1E4BA9D800A6EE6A /* Assets.xcassets in Resources */,
				47B6FD391E4BA9D800A6EE6A /* Main.storyboard in Resources */,
			);
			runOnlyForDeploymentPostprocessing = 0;
		};
		47B6FD421E4BA9D800A6EE6A /* Resources */ = {
			isa = PBXResourcesBuildPhase;
			buildActionMask = 2147483647;
			files = (
				477A83451E5E4385007A7A98 /* hotel.json in Resources */,
				47E18EBA1E5F998B002B0163 /* flight.json in Resources */,
			);
			runOnlyForDeploymentPostprocessing = 0;
		};
/* End PBXResourcesBuildPhase section */

/* Begin PBXShellScriptBuildPhase section */
		12DE4B35270BA79B8F58D7C4 /* [CP] Copy Pods Resources */ = {
			isa = PBXShellScriptBuildPhase;
			buildActionMask = 2147483647;
			files = (
			);
			inputPaths = (
			);
			name = "[CP] Copy Pods Resources";
			outputPaths = (
			);
			runOnlyForDeploymentPostprocessing = 0;
			shellPath = /bin/sh;
			shellScript = "\"${SRCROOT}/Pods/Target Support Files/Pods-OTBTestTests/Pods-OTBTestTests-resources.sh\"\n";
			showEnvVarsInLog = 0;
		};
		47C5B3F21E4D21F200978F1D /* Swiftlint */ = {
			isa = PBXShellScriptBuildPhase;
			buildActionMask = 2147483647;
			files = (
			);
			inputPaths = (
			);
			name = Swiftlint;
			outputPaths = (
			);
			runOnlyForDeploymentPostprocessing = 0;
			shellPath = /bin/sh;
			shellScript = "if which swiftlint >/dev/null; then\nswiftlint\nelse\necho \"warning: SwiftLint does not exist, download it from https://github.com/realm/SwiftLint\"\nfi";
		};
		BB07D48CD861FB36D22E0D8F /* [CP] Check Pods Manifest.lock */ = {
			isa = PBXShellScriptBuildPhase;
			buildActionMask = 2147483647;
			files = (
			);
			inputPaths = (
			);
			name = "[CP] Check Pods Manifest.lock";
			outputPaths = (
			);
			runOnlyForDeploymentPostprocessing = 0;
			shellPath = /bin/sh;
			shellScript = "diff \"${PODS_ROOT}/../Podfile.lock\" \"${PODS_ROOT}/Manifest.lock\" > /dev/null\nif [ $? != 0 ] ; then\n    # print error to STDERR\n    echo \"error: The sandbox is not in sync with the Podfile.lock. Run 'pod install' or update your CocoaPods installation.\" >&2\n    exit 1\nfi\n";
			showEnvVarsInLog = 0;
		};
		CA5F7CA5F6512E8D972531A3 /* [CP] Embed Pods Frameworks */ = {
			isa = PBXShellScriptBuildPhase;
			buildActionMask = 2147483647;
			files = (
			);
			inputPaths = (
			);
			name = "[CP] Embed Pods Frameworks";
			outputPaths = (
			);
			runOnlyForDeploymentPostprocessing = 0;
			shellPath = /bin/sh;
			shellScript = "\"${SRCROOT}/Pods/Target Support Files/Pods-OTBTestTests/Pods-OTBTestTests-frameworks.sh\"\n";
			showEnvVarsInLog = 0;
		};
/* End PBXShellScriptBuildPhase section */

/* Begin PBXSourcesBuildPhase section */
		47B6FD2C1E4BA9D700A6EE6A /* Sources */ = {
			isa = PBXSourcesBuildPhase;
			buildActionMask = 2147483647;
			files = (
				470263051E58C00C006E97EF /* Flight.swift in Sources */,
				47D7CE241E575AEF0069871C /* Resource.swift in Sources */,
				47D7CE221E57558F0069871C /* WebService.swift in Sources */,
				479D7EED1E5926A000E68F8D /* FlightCell.swift in Sources */,
				479D7EF01E59DCD000E68F8D /* CurrencyFormatter.swift in Sources */,
				47C8B2271E5B769C00FD7537 /* Date+Format.swift in Sources */,
				476F42D21E55053400A00FFB /* Hotel.swift in Sources */,
				47B6FD341E4BA9D800A6EE6A /* AppDelegate.swift in Sources */,
				4702630A1E591331006E97EF /* HotelViewControllerPresenter.swift in Sources */,
				470263071E58C16A006E97EF /* FlightsViewModel.swift in Sources */,
				476F42D71E55053400A00FFB /* HotelViewModel.swift in Sources */,
				470263031E58BD39006E97EF /* FlightsViewController.swift in Sources */,
				476F42D51E55053400A00FFB /* HotelViewController.swift in Sources */,
				479D7EE81E59232500E68F8D /* FlightsViewControllerDataSource.swift in Sources */,
			);
			runOnlyForDeploymentPostprocessing = 0;
		};
		47B6FD401E4BA9D800A6EE6A /* Sources */ = {
			isa = PBXSourcesBuildPhase;
			buildActionMask = 2147483647;
			files = (
				47E18EB81E5F9883002B0163 /* FlightSpec.swift in Sources */,
				47E18EC01E619456002B0163 /* WebServiceSpec.swift in Sources */,
				47E18EB61E5F8903002B0163 /* JSONLoader.swift in Sources */,
				47E18EC51E660C47002B0163 /* MockDataTask.swift in Sources */,
				47E18EC31E660BC7002B0163 /* MockSession.swift in Sources */,
				478925E21E5E249A00CFD961 /* HotelSpec.swift in Sources */,
			);
			runOnlyForDeploymentPostprocessing = 0;
		};
/* End PBXSourcesBuildPhase section */

/* Begin PBXTargetDependency section */
		47B6FD461E4BA9D800A6EE6A /* PBXTargetDependency */ = {
			isa = PBXTargetDependency;
			target = 47B6FD2F1E4BA9D700A6EE6A /* OTBTest */;
			targetProxy = 47B6FD451E4BA9D800A6EE6A /* PBXContainerItemProxy */;
		};
/* End PBXTargetDependency section */

/* Begin PBXVariantGroup section */
		47B6FD371E4BA9D800A6EE6A /* Main.storyboard */ = {
			isa = PBXVariantGroup;
			children = (
				47B6FD381E4BA9D800A6EE6A /* Base */,
			);
			name = Main.storyboard;
			sourceTree = "<group>";
		};
		47B6FD3C1E4BA9D800A6EE6A /* LaunchScreen.storyboard */ = {
			isa = PBXVariantGroup;
			children = (
				47B6FD3D1E4BA9D800A6EE6A /* Base */,
			);
			name = LaunchScreen.storyboard;
			sourceTree = "<group>";
		};
/* End PBXVariantGroup section */

/* Begin XCBuildConfiguration section */
		47B6FD4B1E4BA9D800A6EE6A /* Debug */ = {
			isa = XCBuildConfiguration;
			buildSettings = {
				ALWAYS_SEARCH_USER_PATHS = NO;
				CLANG_ANALYZER_NONNULL = YES;
				CLANG_CXX_LANGUAGE_STANDARD = "gnu++0x";
				CLANG_CXX_LIBRARY = "libc++";
				CLANG_ENABLE_MODULES = YES;
				CLANG_ENABLE_OBJC_ARC = YES;
				CLANG_WARN_BOOL_CONVERSION = YES;
				CLANG_WARN_CONSTANT_CONVERSION = YES;
				CLANG_WARN_DIRECT_OBJC_ISA_USAGE = YES_ERROR;
				CLANG_WARN_DOCUMENTATION_COMMENTS = YES;
				CLANG_WARN_EMPTY_BODY = YES;
				CLANG_WARN_ENUM_CONVERSION = YES;
				CLANG_WARN_INFINITE_RECURSION = YES;
				CLANG_WARN_INT_CONVERSION = YES;
				CLANG_WARN_OBJC_ROOT_CLASS = YES_ERROR;
				CLANG_WARN_SUSPICIOUS_MOVE = YES;
				CLANG_WARN_UNREACHABLE_CODE = YES;
				CLANG_WARN__DUPLICATE_METHOD_MATCH = YES;
				"CODE_SIGN_IDENTITY[sdk=iphoneos*]" = "iPhone Developer";
				COPY_PHASE_STRIP = NO;
				DEBUG_INFORMATION_FORMAT = dwarf;
				ENABLE_STRICT_OBJC_MSGSEND = YES;
				ENABLE_TESTABILITY = YES;
				GCC_C_LANGUAGE_STANDARD = gnu99;
				GCC_DYNAMIC_NO_PIC = NO;
				GCC_NO_COMMON_BLOCKS = YES;
				GCC_OPTIMIZATION_LEVEL = 0;
				GCC_PREPROCESSOR_DEFINITIONS = (
					"DEBUG=1",
					"$(inherited)",
				);
				GCC_WARN_64_TO_32_BIT_CONVERSION = YES;
				GCC_WARN_ABOUT_RETURN_TYPE = YES_ERROR;
				GCC_WARN_UNDECLARED_SELECTOR = YES;
				GCC_WARN_UNINITIALIZED_AUTOS = YES_AGGRESSIVE;
				GCC_WARN_UNUSED_FUNCTION = YES;
				GCC_WARN_UNUSED_VARIABLE = YES;
				IPHONEOS_DEPLOYMENT_TARGET = 10.2;
				MTL_ENABLE_DEBUG_INFO = YES;
				ONLY_ACTIVE_ARCH = YES;
				SDKROOT = iphoneos;
				SWIFT_ACTIVE_COMPILATION_CONDITIONS = DEBUG;
				SWIFT_OPTIMIZATION_LEVEL = "-Onone";
				TARGETED_DEVICE_FAMILY = "1,2";
			};
			name = Debug;
		};
		47B6FD4C1E4BA9D800A6EE6A /* Release */ = {
			isa = XCBuildConfiguration;
			buildSettings = {
				ALWAYS_SEARCH_USER_PATHS = NO;
				CLANG_ANALYZER_NONNULL = YES;
				CLANG_CXX_LANGUAGE_STANDARD = "gnu++0x";
				CLANG_CXX_LIBRARY = "libc++";
				CLANG_ENABLE_MODULES = YES;
				CLANG_ENABLE_OBJC_ARC = YES;
				CLANG_WARN_BOOL_CONVERSION = YES;
				CLANG_WARN_CONSTANT_CONVERSION = YES;
				CLANG_WARN_DIRECT_OBJC_ISA_USAGE = YES_ERROR;
				CLANG_WARN_DOCUMENTATION_COMMENTS = YES;
				CLANG_WARN_EMPTY_BODY = YES;
				CLANG_WARN_ENUM_CONVERSION = YES;
				CLANG_WARN_INFINITE_RECURSION = YES;
				CLANG_WARN_INT_CONVERSION = YES;
				CLANG_WARN_OBJC_ROOT_CLASS = YES_ERROR;
				CLANG_WARN_SUSPICIOUS_MOVE = YES;
				CLANG_WARN_UNREACHABLE_CODE = YES;
				CLANG_WARN__DUPLICATE_METHOD_MATCH = YES;
				"CODE_SIGN_IDENTITY[sdk=iphoneos*]" = "iPhone Developer";
				COPY_PHASE_STRIP = NO;
				DEBUG_INFORMATION_FORMAT = "dwarf-with-dsym";
				ENABLE_NS_ASSERTIONS = NO;
				ENABLE_STRICT_OBJC_MSGSEND = YES;
				GCC_C_LANGUAGE_STANDARD = gnu99;
				GCC_NO_COMMON_BLOCKS = YES;
				GCC_WARN_64_TO_32_BIT_CONVERSION = YES;
				GCC_WARN_ABOUT_RETURN_TYPE = YES_ERROR;
				GCC_WARN_UNDECLARED_SELECTOR = YES;
				GCC_WARN_UNINITIALIZED_AUTOS = YES_AGGRESSIVE;
				GCC_WARN_UNUSED_FUNCTION = YES;
				GCC_WARN_UNUSED_VARIABLE = YES;
				IPHONEOS_DEPLOYMENT_TARGET = 10.2;
				MTL_ENABLE_DEBUG_INFO = NO;
				SDKROOT = iphoneos;
				SWIFT_OPTIMIZATION_LEVEL = "-Owholemodule";
				TARGETED_DEVICE_FAMILY = "1,2";
				VALIDATE_PRODUCT = YES;
			};
			name = Release;
		};
		47B6FD4E1E4BA9D800A6EE6A /* Debug */ = {
			isa = XCBuildConfiguration;
			buildSettings = {
				ASSETCATALOG_COMPILER_APPICON_NAME = AppIcon;
				DEVELOPMENT_TEAM = NZ74P8DCC3;
				INFOPLIST_FILE = OTBTest/Info.plist;
				LD_RUNPATH_SEARCH_PATHS = "$(inherited) @executable_path/Frameworks";
				PRODUCT_BUNDLE_IDENTIFIER = co.uk.tomclark.OTBTest;
				PRODUCT_NAME = "$(TARGET_NAME)";
				PROVISIONING_PROFILE = "3BA320EC-B48F-4AA4-AB68-D277C4A6E4D8";
				PROVISIONING_PROFILE_SPECIFIER = "Tom Clark";
				SWIFT_VERSION = 3.0;
			};
			name = Debug;
		};
		47B6FD4F1E4BA9D800A6EE6A /* Release */ = {
			isa = XCBuildConfiguration;
			buildSettings = {
				ASSETCATALOG_COMPILER_APPICON_NAME = AppIcon;
				DEVELOPMENT_TEAM = "";
				INFOPLIST_FILE = OTBTest/Info.plist;
				LD_RUNPATH_SEARCH_PATHS = "$(inherited) @executable_path/Frameworks";
				PRODUCT_BUNDLE_IDENTIFIER = co.uk.tomclark.OTBTest;
				PRODUCT_NAME = "$(TARGET_NAME)";
				SWIFT_VERSION = 3.0;
			};
			name = Release;
		};
		47B6FD511E4BA9D800A6EE6A /* Debug */ = {
			isa = XCBuildConfiguration;
			baseConfigurationReference = 37314DB455F989B9156EC77E /* Pods-OTBTestTests.debug.xcconfig */;
			buildSettings = {
				BUNDLE_LOADER = "$(TEST_HOST)";
				DEVELOPMENT_TEAM = DDB84JUP2L;
				INFOPLIST_FILE = OTBTestTests/Info.plist;
				LD_RUNPATH_SEARCH_PATHS = "$(inherited) @executable_path/Frameworks @loader_path/Frameworks";
				PRODUCT_BUNDLE_IDENTIFIER = co.uk.tomclark.OTBTestTests;
				PRODUCT_NAME = "$(TARGET_NAME)";
				SWIFT_VERSION = 3.0;
				TEST_HOST = "$(BUILT_PRODUCTS_DIR)/OTBTest.app/OTBTest";
			};
			name = Debug;
		};
		47B6FD521E4BA9D800A6EE6A /* Release */ = {
			isa = XCBuildConfiguration;
			baseConfigurationReference = C364526897510AB53753B663 /* Pods-OTBTestTests.release.xcconfig */;
			buildSettings = {
				BUNDLE_LOADER = "$(TEST_HOST)";
				DEVELOPMENT_TEAM = DDB84JUP2L;
				INFOPLIST_FILE = OTBTestTests/Info.plist;
				LD_RUNPATH_SEARCH_PATHS = "$(inherited) @executable_path/Frameworks @loader_path/Frameworks";
				PRODUCT_BUNDLE_IDENTIFIER = co.uk.tomclark.OTBTestTests;
				PRODUCT_NAME = "$(TARGET_NAME)";
				SWIFT_VERSION = 3.0;
				TEST_HOST = "$(BUILT_PRODUCTS_DIR)/OTBTest.app/OTBTest";
			};
			name = Release;
		};
/* End XCBuildConfiguration section */

/* Begin XCConfigurationList section */
		47B6FD2B1E4BA9D700A6EE6A /* Build configuration list for PBXProject "OTBTest" */ = {
			isa = XCConfigurationList;
			buildConfigurations = (
				47B6FD4B1E4BA9D800A6EE6A /* Debug */,
				47B6FD4C1E4BA9D800A6EE6A /* Release */,
			);
			defaultConfigurationIsVisible = 0;
			defaultConfigurationName = Release;
		};
		47B6FD4D1E4BA9D800A6EE6A /* Build configuration list for PBXNativeTarget "OTBTest" */ = {
			isa = XCConfigurationList;
			buildConfigurations = (
				47B6FD4E1E4BA9D800A6EE6A /* Debug */,
				47B6FD4F1E4BA9D800A6EE6A /* Release */,
			);
			defaultConfigurationIsVisible = 0;
			defaultConfigurationName = Release;
		};
		47B6FD501E4BA9D800A6EE6A /* Build configuration list for PBXNativeTarget "OTBTestTests" */ = {
			isa = XCConfigurationList;
			buildConfigurations = (
				47B6FD511E4BA9D800A6EE6A /* Debug */,
				47B6FD521E4BA9D800A6EE6A /* Release */,
			);
			defaultConfigurationIsVisible = 0;
			defaultConfigurationName = Release;
		};
/* End XCConfigurationList section */
	};
	rootObject = 47B6FD281E4BA9D700A6EE6A /* Project object */;
}
